
Microsoft Visual Studio Solution File, Format Version 12.00
# Visual Studio Version 17
VisualStudioVersion = 17.9.34728.123
MinimumVisualStudioVersion = 10.0.40219.1
Project("{9A19103F-16F7-4668-BE54-9A1E7A4F7556}") = "Ventas", "Ventas.csproj", "{E74F6057-C2EC-4810-AA0A-84FDDF457554}"
EndProject
Project("{9A19103F-16F7-4668-BE54-9A1E7A4F7556}") = "Circulo", "..\Circulo\Circulo.csproj", "{141E4C28-5703-4007-8D5B-DB7017FEE7FD}"
EndProject
Project("{9A19103F-16F7-4668-BE54-9A1E7A4F7556}") = "ConsultaProductos", "..\Usuarios&Productos\ConsultaProductos.csproj", "{9E98ED7C-36A4-4AD4-8FF2-E5065FDD5478}"
EndProject
Project("{FAE04EC0-301F-11D3-BF4B-00C04F79EFBC}") = "ProductosABM", "..\ProductosABM\ProductosABM.csproj", "{77705F0E-4065-4D2F-A174-022DBDE967BA}"
EndProject
Global
	GlobalSection(SolutionConfigurationPlatforms) = preSolution
		Debug|Any CPU = Debug|Any CPU
		Release|Any CPU = Release|Any CPU
	EndGlobalSection
	GlobalSection(ProjectConfigurationPlatforms) = postSolution
		{E74F6057-C2EC-4810-AA0A-84FDDF457554}.Debug|Any CPU.ActiveCfg = Debug|Any CPU
		{E74F6057-C2EC-4810-AA0A-84FDDF457554}.Debug|Any CPU.Build.0 = Debug|Any CPU
		{E74F6057-C2EC-4810-AA0A-84FDDF457554}.Release|Any CPU.ActiveCfg = Release|Any CPU
		{E74F6057-C2EC-4810-AA0A-84FDDF457554}.Release|Any CPU.Build.0 = Release|Any CPU
		{141E4C28-5703-4007-8D5B-DB7017FEE7FD}.Debug|Any CPU.ActiveCfg = Debug|Any CPU
		{141E4C28-5703-4007-8D5B-DB7017FEE7FD}.Debug|Any CPU.Build.0 = Debug|Any CPU
		{141E4C28-5703-4007-8D5B-DB7017FEE7FD}.Release|Any CPU.ActiveCfg = Release|Any CPU
		{141E4C28-5703-4007-8D5B-DB7017FEE7FD}.Release|Any CPU.Build.0 = Release|Any CPU
		{9E98ED7C-36A4-4AD4-8FF2-E5065FDD5478}.Debug|Any CPU.ActiveCfg = Debug|Any CPU
		{9E98ED7C-36A4-4AD4-8FF2-E5065FDD5478}.Debug|Any CPU.Build.0 = Debug|Any CPU
		{9E98ED7C-36A4-4AD4-8FF2-E5065FDD5478}.Release|Any CPU.ActiveCfg = Release|Any CPU
		{9E98ED7C-36A4-4AD4-8FF2-E5065FDD5478}.Release|Any CPU.Build.0 = Release|Any CPU
		{77705F0E-4065-4D2F-A174-022DBDE967BA}.Debug|Any CPU.ActiveCfg = Debug|Any CPU
		{77705F0E-4065-4D2F-A174-022DBDE967BA}.Debug|Any CPU.Build.0 = Debug|Any CPU
		{77705F0E-4065-4D2F-A174-022DBDE967BA}.Release|Any CPU.ActiveCfg = Release|Any CPU
		{77705F0E-4065-4D2F-A174-022DBDE967BA}.Release|Any CPU.Build.0 = Release|Any CPU
	EndGlobalSection
	GlobalSection(SolutionProperties) = preSolution
		HideSolutionNode = FALSE
	EndGlobalSection
	GlobalSection(ExtensibilityGlobals) = postSolution
		SolutionGuid = {308A858E-8E39-4917-B593-BAF10E6F9279}
	EndGlobalSection
EndGlobal
